# This file is automatically @generated by Cargo.
# It is not intended for manual editing.
version = 3

[[package]]
name = "ahash"
version = "0.8.3"
source = "registry+https://github.com/rust-lang/crates.io-index"
checksum = "2c99f64d1e06488f620f932677e24bc6e2897582980441ae90a671415bd7ec2f"
dependencies = [
 "cfg-if",
 "once_cell",
 "version_check",
]

[[package]]
name = "anyhow"
version = "1.0.72"
source = "registry+https://github.com/rust-lang/crates.io-index"
checksum = "3b13c32d80ecc7ab747b80c3784bce54ee8a7a0cc4fbda9bf4cda2cf6fe90854"

[[package]]
name = "bindgen"
version = "0.0.0"
dependencies = [
 "anyhow",
 "heck",
 "indexmap",
 "wasmtime-environ",
 "wit-bindgen",
 "wit-bindgen-core",
 "wit-component 0.19.1",
 "wit-parser",
]

[[package]]
name = "bitflags"
version = "2.4.2"
source = "registry+https://github.com/rust-lang/crates.io-index"
checksum = "ed570934406eb16438a4e976b1b4500774099c13b8cb96eec99f620f05090ddf"

[[package]]
name = "cfg-if"
version = "1.0.0"
source = "registry+https://github.com/rust-lang/crates.io-index"
checksum = "baf1de4339761588bc0619e3cbc0120ee582ebb74b53b4efbf79117bd2da40fd"

[[package]]
name = "cranelift-entity"
version = "0.103.0"
source = "registry+https://github.com/rust-lang/crates.io-index"
checksum = "44e3ee532fc4776c69bcedf7e62f9632cbb3f35776fa9a525cdade3195baa3f7"
dependencies = [
 "serde",
 "serde_derive",
]

[[package]]
name = "crc32fast"
version = "1.3.2"
source = "registry+https://github.com/rust-lang/crates.io-index"
checksum = "b540bd8bc810d3885c6ea91e2018302f68baba2129ab3e88f32389ee9370880d"
dependencies = [
 "cfg-if",
]

[[package]]
name = "equivalent"
version = "1.0.1"
source = "registry+https://github.com/rust-lang/crates.io-index"
checksum = "5443807d6dff69373d433ab9ef5378ad8df50ca6298caf15de6e52e24aaf54d5"

[[package]]
name = "fallible-iterator"
version = "0.3.0"
source = "registry+https://github.com/rust-lang/crates.io-index"
checksum = "2acce4a10f12dc2fb14a218589d4f1f62ef011b2d0cc4b3cb1bba8e94da14649"

[[package]]
name = "gimli"
version = "0.28.0"
source = "registry+https://github.com/rust-lang/crates.io-index"
checksum = "6fb8d784f27acf97159b40fc4db5ecd8aa23b9ad5ef69cdd136d3bc80665f0c0"
dependencies = [
 "fallible-iterator",
 "indexmap",
 "stable_deref_trait",
]

[[package]]
name = "hashbrown"
version = "0.14.0"
source = "registry+https://github.com/rust-lang/crates.io-index"
checksum = "2c6201b9ff9fd90a5a3bac2e56a830d0caa509576f0e503818ee82c181b3437a"
dependencies = [
 "ahash",
]

[[package]]
name = "heck"
version = "0.4.1"
source = "registry+https://github.com/rust-lang/crates.io-index"
checksum = "95505c38b4572b2d910cecb0281560f54b440a19336cbbcb27bf6ce6adc6f5a8"
dependencies = [
 "unicode-segmentation",
]

[[package]]
name = "id-arena"
version = "2.2.1"
source = "registry+https://github.com/rust-lang/crates.io-index"
checksum = "25a2bc672d1148e28034f176e01fffebb08b35768468cc954630da77a1449005"

[[package]]
name = "indexmap"
version = "2.0.0"
source = "registry+https://github.com/rust-lang/crates.io-index"
checksum = "d5477fe2230a79769d8dc68e0eabf5437907c0457a5614a9e8dddb67f65eb65d"
dependencies = [
 "equivalent",
 "hashbrown",
 "serde",
]

[[package]]
name = "itoa"
version = "1.0.9"
source = "registry+https://github.com/rust-lang/crates.io-index"
checksum = "af150ab688ff2122fcef229be89cb50dd66af9e01a4ff320cc137eecc9bacc38"

[[package]]
name = "leb128"
version = "0.2.5"
source = "registry+https://github.com/rust-lang/crates.io-index"
checksum = "884e2677b40cc8c339eaefcb701c32ef1fd2493d71118dc0ca4b6a736c93bd67"

[[package]]
name = "log"
version = "0.4.17"
source = "registry+https://github.com/rust-lang/crates.io-index"
checksum = "abb12e687cfb44aa40f41fc3978ef76448f9b6038cad6aef4259d3c095a2382e"
dependencies = [
 "cfg-if",
]

[[package]]
name = "memchr"
version = "2.5.0"
source = "registry+https://github.com/rust-lang/crates.io-index"
checksum = "2dffe52ecf27772e601905b7522cb4ef790d2cc203488bbd0e2fe85fcb74566d"

[[package]]
name = "object"
version = "0.32.1"
source = "registry+https://github.com/rust-lang/crates.io-index"
checksum = "9cf5f9dd3933bd50a9e1f149ec995f39ae2c496d31fd772c1fd45ebc27e902b0"
dependencies = [
 "crc32fast",
 "hashbrown",
 "indexmap",
 "memchr",
]

[[package]]
name = "once_cell"
version = "1.17.0"
source = "registry+https://github.com/rust-lang/crates.io-index"
checksum = "6f61fba1741ea2b3d6a1e3178721804bb716a68a6aeba1149b5d52e3d464ea66"

[[package]]
name = "proc-macro2"
version = "1.0.66"
source = "registry+https://github.com/rust-lang/crates.io-index"
checksum = "18fb31db3f9bddb2ea821cde30a9f70117e3f119938b5ee630b7403aa6e2ead9"
dependencies = [
 "unicode-ident",
]

[[package]]
name = "quote"
version = "1.0.31"
source = "registry+https://github.com/rust-lang/crates.io-index"
checksum = "5fe8a65d69dd0808184ebb5f836ab526bb259db23c657efa38711b1072ee47f0"
dependencies = [
 "proc-macro2",
]

[[package]]
name = "ryu"
version = "1.0.15"
source = "registry+https://github.com/rust-lang/crates.io-index"
checksum = "1ad4cc8da4ef723ed60bced201181d83791ad433213d8c24efffda1eec85d741"

[[package]]
name = "semver"
version = "1.0.17"
source = "registry+https://github.com/rust-lang/crates.io-index"
checksum = "bebd363326d05ec3e2f532ab7660680f3b02130d780c299bca73469d521bc0ed"

[[package]]
name = "serde"
version = "1.0.188"
source = "registry+https://github.com/rust-lang/crates.io-index"
checksum = "cf9e0fcba69a370eed61bcf2b728575f726b50b55cba78064753d708ddc7549e"
dependencies = [
 "serde_derive",
]

[[package]]
name = "serde_derive"
version = "1.0.188"
source = "registry+https://github.com/rust-lang/crates.io-index"
checksum = "4eca7ac642d82aa35b60049a6eccb4be6be75e599bd2e9adb5f875a737654af2"
dependencies = [
 "proc-macro2",
 "quote",
 "syn",
]

[[package]]
name = "serde_json"
version = "1.0.107"
source = "registry+https://github.com/rust-lang/crates.io-index"
checksum = "6b420ce6e3d8bd882e9b243c6eed35dbc9a6110c9769e74b584e0d68d1f20c65"
dependencies = [
 "itoa",
 "ryu",
 "serde",
]

[[package]]
name = "smallvec"
version = "1.11.0"
source = "registry+https://github.com/rust-lang/crates.io-index"
checksum = "62bb4feee49fdd9f707ef802e22365a35de4b7b299de4763d44bfea899442ff9"

[[package]]
name = "spdx"
version = "0.10.2"
source = "registry+https://github.com/rust-lang/crates.io-index"
checksum = "b19b32ed6d899ab23174302ff105c1577e45a06b08d4fe0a9dd13ce804bbbf71"
dependencies = [
 "smallvec",
]

[[package]]
name = "stable_deref_trait"
version = "1.2.0"
source = "registry+https://github.com/rust-lang/crates.io-index"
checksum = "a8f112729512f8e442d81f95a8a7ddf2b7c6b8a1a6f509a95864142b30cab2d3"

[[package]]
name = "syn"
version = "2.0.32"
source = "registry+https://github.com/rust-lang/crates.io-index"
checksum = "239814284fd6f1a4ffe4ca893952cdd93c224b6a1571c9a9eadd670295c0c9e2"
dependencies = [
 "proc-macro2",
 "quote",
 "unicode-ident",
]

[[package]]
name = "target-lexicon"
version = "0.12.12"
source = "registry+https://github.com/rust-lang/crates.io-index"
checksum = "14c39fd04924ca3a864207c66fc2cd7d22d7c016007f9ce846cbb9326331930a"

[[package]]
name = "thiserror"
version = "1.0.47"
source = "registry+https://github.com/rust-lang/crates.io-index"
checksum = "97a802ec30afc17eee47b2855fc72e0c4cd62be9b4efe6591edde0ec5bd68d8f"
dependencies = [
 "thiserror-impl",
]

[[package]]
name = "thiserror-impl"
version = "1.0.47"
source = "registry+https://github.com/rust-lang/crates.io-index"
checksum = "6bb623b56e39ab7dcd4b1b98bb6c8f8d907ed255b18de254088016b27a8ee19b"
dependencies = [
 "proc-macro2",
 "quote",
 "syn",
]

[[package]]
name = "unicode-ident"
version = "1.0.6"
source = "registry+https://github.com/rust-lang/crates.io-index"
checksum = "84a22b9f218b40614adcb3f4ff08b703773ad44fa9423e4e0d346d5db86e4ebc"

[[package]]
name = "unicode-segmentation"
version = "1.10.1"
source = "registry+https://github.com/rust-lang/crates.io-index"
checksum = "1dd624098567895118886609431a7c3b8f516e41d30e0643f03d94592a147e36"

[[package]]
name = "unicode-xid"
version = "0.2.4"
source = "registry+https://github.com/rust-lang/crates.io-index"
checksum = "f962df74c8c05a667b5ee8bcf162993134c104e96440b663c8daa176dc772d8c"

[[package]]
name = "version_check"
version = "0.9.4"
source = "registry+https://github.com/rust-lang/crates.io-index"
checksum = "49874b5167b65d7193b8aba1567f5c7d93d001cafc34600cee003eda787e483f"

[[package]]
name = "wasm-encoder"
version = "0.38.1"
source = "registry+https://github.com/rust-lang/crates.io-index"
checksum = "0ad2b51884de9c7f4fe2fd1043fccb8dcad4b1e29558146ee57a144d15779f3f"
dependencies = [
 "leb128",
]

[[package]]
name = "wasm-encoder"
version = "0.39.0"
source = "registry+https://github.com/rust-lang/crates.io-index"
checksum = "111495d6204760238512f57a9af162f45086504da332af210f2f75dd80b34f1d"
dependencies = [
 "leb128",
]

[[package]]
name = "wasm-metadata"
version = "0.10.15"
source = "registry+https://github.com/rust-lang/crates.io-index"
checksum = "818931c85b1d197909699d36c509fa89550ccfa0d66932ba3c1726faddb4d0c7"
dependencies = [
 "anyhow",
 "indexmap",
 "serde",
 "serde_derive",
 "serde_json",
 "spdx",
 "wasm-encoder 0.39.0",
 "wasmparser 0.119.0",
]

[[package]]
name = "wasmparser"
version = "0.118.1"
source = "registry+https://github.com/rust-lang/crates.io-index"
checksum = "95ee9723b928e735d53000dec9eae7b07a60e490c85ab54abb66659fc61bfcd9"
dependencies = [
 "indexmap",
 "semver",
]

[[package]]
name = "wasmparser"
version = "0.119.0"
source = "registry+https://github.com/rust-lang/crates.io-index"
checksum = "8c35daf77afb4f9b14016625144a391085ec2ca99ca9cc53ed291bb53ab5278d"
dependencies = [
 "bitflags",
 "indexmap",
 "semver",
]

[[package]]
name = "wasmprinter"
version = "0.2.76"
source = "registry+https://github.com/rust-lang/crates.io-index"
checksum = "cac2a7745372074e5573e365e17100f5a26058740576313784ef03fb900ea8d2"
dependencies = [
 "anyhow",
 "wasmparser 0.119.0",
]

[[package]]
name = "wasmtime-component-util"
version = "16.0.0"
source = "registry+https://github.com/rust-lang/crates.io-index"
checksum = "8c87d06c18d21a4818f354c00a85f4ebc62b2270961cd022968452b0e4dbed9d"

[[package]]
name = "wasmtime-environ"
version = "16.0.0"
source = "registry+https://github.com/rust-lang/crates.io-index"
checksum = "61eb64fb3e0da883e2df4a13a81d6282e072336e6cb6295021d0f7ab2e352754"
dependencies = [
 "anyhow",
 "cranelift-entity",
 "gimli",
 "indexmap",
 "log",
 "object",
 "serde",
 "serde_derive",
 "target-lexicon",
 "thiserror",
 "wasm-encoder 0.38.1",
 "wasmparser 0.118.1",
 "wasmprinter",
 "wasmtime-component-util",
 "wasmtime-types",
]

[[package]]
name = "wasmtime-types"
version = "16.0.0"
source = "registry+https://github.com/rust-lang/crates.io-index"
checksum = "d995db8bb56f2cd8d2dc0ed5ffab94ffb435283b0fe6747f80f7aab40b2d06a1"
dependencies = [
 "cranelift-entity",
 "serde",
 "serde_derive",
 "thiserror",
 "wasmparser 0.118.1",
]

[[package]]
name = "wit-bindgen"
version = "0.16.0"
source = "registry+https://github.com/rust-lang/crates.io-index"
checksum = "b76f1d099678b4f69402a421e888bbe71bf20320c2f3f3565d0e7484dbe5bc20"
dependencies = [
 "bitflags",
 "wit-bindgen-rust-macro",
]

[[package]]
name = "wit-bindgen-core"
version = "0.16.0"
source = "registry+https://github.com/rust-lang/crates.io-index"
checksum = "75d55e1a488af2981fb0edac80d8d20a51ac36897a1bdef4abde33c29c1b6d0d"
dependencies = [
 "anyhow",
 "wit-component 0.18.2",
 "wit-parser",
]

[[package]]
name = "wit-bindgen-rust"
version = "0.16.0"
source = "registry+https://github.com/rust-lang/crates.io-index"
checksum = "a01ff9cae7bf5736750d94d91eb8a49f5e3a04aff1d1a3218287d9b2964510f8"
dependencies = [
 "anyhow",
 "heck",
 "wasm-metadata",
 "wit-bindgen-core",
 "wit-component 0.18.2",
]

[[package]]
name = "wit-bindgen-rust-macro"
version = "0.16.0"
source = "registry+https://github.com/rust-lang/crates.io-index"
checksum = "804a98e2538393d47aa7da65a7348116d6ff403b426665152b70a168c0146d49"
dependencies = [
 "anyhow",
 "proc-macro2",
 "quote",
 "syn",
 "wit-bindgen-core",
 "wit-bindgen-rust",
 "wit-component 0.18.2",
]

[[package]]
name = "wit-component"
version = "0.18.2"
source = "registry+https://github.com/rust-lang/crates.io-index"
checksum = "5b8a35a2a9992898c9d27f1664001860595a4bc99d32dd3599d547412e17d7e2"
dependencies = [
 "anyhow",
 "bitflags",
 "indexmap",
 "log",
 "serde",
 "serde_derive",
 "serde_json",
 "wasm-encoder 0.38.1",
 "wasm-metadata",
 "wasmparser 0.118.1",
 "wit-parser",
]

[[package]]
name = "wit-component"
version = "0.19.1"
source = "registry+https://github.com/rust-lang/crates.io-index"
checksum = "429e3c06fba3a7566aab724ae3ffff3152ede5399d44789e7dd11f5421292859"
dependencies = [
 "anyhow",
 "bitflags",
 "indexmap",
 "log",
 "serde",
 "serde_derive",
 "serde_json",
 "wasm-encoder 0.39.0",
 "wasm-metadata",
 "wasmparser 0.119.0",
 "wit-parser",
]

[[package]]
name = "wit-parser"
version = "0.13.1"
source = "registry+https://github.com/rust-lang/crates.io-index"
checksum = "df4913a2219096373fd6512adead1fb77ecdaa59d7fc517972a7d30b12f625be"
dependencies = [
 "anyhow",
 "id-arena",
 "indexmap",
 "log",
 "semver",
 "serde",
 "serde_derive",
 "serde_json",
 "unicode-xid",
]
